
Microsoft Visual Studio Solution File, Format Version 12.00
# Visual Studio 2012
Project("{FAE04EC0-301F-11D3-BF4B-00C04F79EFBC}") = "Yamool.Buffers.Tests", "test\Yamool.Buffers.Tests.csproj", "{FACFE35D-7C0D-4F84-8C7B-9794930344E9}"
EndProject
Project("{FAE04EC0-301F-11D3-BF4B-00C04F79EFBC}") = "Yamool.Buffers", "src\Yamool.Buffers.csproj", "{BBC7D45F-F0A2-4BF6-B6B6-6281F278C350}"
EndProject
Global
	GlobalSection(SolutionConfigurationPlatforms) = preSolution
		Debug|Any CPU = Debug|Any CPU
		Release|Any CPU = Release|Any CPU
	EndGlobalSection
	GlobalSection(ProjectConfigurationPlatforms) = postSolution
		{FACFE35D-7C0D-4F84-8C7B-9794930344E9}.Debug|Any CPU.ActiveCfg = Debug|Any CPU
		{FACFE35D-7C0D-4F84-8C7B-9794930344E9}.Debug|Any CPU.Build.0 = Debug|Any CPU
		{FACFE35D-7C0D-4F84-8C7B-9794930344E9}.Release|Any CPU.ActiveCfg = Release|Any CPU
		{FACFE35D-7C0D-4F84-8C7B-9794930344E9}.Release|Any CPU.Build.0 = Release|Any CPU
		{BBC7D45F-F0A2-4BF6-B6B6-6281F278C350}.Debug|Any CPU.ActiveCfg = Debug|Any CPU
		{BBC7D45F-F0A2-4BF6-B6B6-6281F278C350}.Debug|Any CPU.Build.0 = Debug|Any CPU
		{BBC7D45F-F0A2-4BF6-B6B6-6281F278C350}.Release|Any CPU.ActiveCfg = Release|Any CPU
		{BBC7D45F-F0A2-4BF6-B6B6-6281F278C350}.Release|Any CPU.Build.0 = Release|Any CPU
	EndGlobalSection
	GlobalSection(SolutionProperties) = preSolution
		HideSolutionNode = FALSE
	EndGlobalSection
EndGlobal
